
Microsoft Visual Studio Solution File, Format Version 12.00
# Visual Studio Version 17
VisualStudioVersion = 17.1.32228.430
MinimumVisualStudioVersion = 10.0.40219.1
Project("{8BC9CEB8-8B4A-11D0-8D11-00A0C91BC942}") = "Hw3", "Domashka3\Domashka3.vcxproj", "{E87C5D2A-D94E-434D-8326-5249688B34C0}"
EndProject
Project("{8BC9CEB8-8B4A-11D0-8D11-00A0C91BC942}") = "Hw8", "Hw8\Hw8.vcxproj", "{0DFCC1CF-CD03-4764-AF54-DF97FC59400B}"
EndProject
Project("{8BC9CEB8-8B4A-11D0-8D11-00A0C91BC942}") = "Hw4", "Hw4\Hw4.vcxproj", "{4A79AC13-64F9-4383-905F-239AFB89D2DA}"
EndProject
Global
	GlobalSection(SolutionConfigurationPlatforms) = preSolution
		Debug|x64 = Debug|x64
		Debug|x86 = Debug|x86
		Release|x64 = Release|x64
		Release|x86 = Release|x86
	EndGlobalSection
	GlobalSection(ProjectConfigurationPlatforms) = postSolution
		{E87C5D2A-D94E-434D-8326-5249688B34C0}.Debug|x64.ActiveCfg = Debug|x64
		{E87C5D2A-D94E-434D-8326-5249688B34C0}.Debug|x64.Build.0 = Debug|x64
		{E87C5D2A-D94E-434D-8326-5249688B34C0}.Debug|x86.ActiveCfg = Debug|Win32
		{E87C5D2A-D94E-434D-8326-5249688B34C0}.Debug|x86.Build.0 = Debug|Win32
		{E87C5D2A-D94E-434D-8326-5249688B34C0}.Release|x64.ActiveCfg = Release|x64
		{E87C5D2A-D94E-434D-8326-5249688B34C0}.Release|x64.Build.0 = Release|x64
		{E87C5D2A-D94E-434D-8326-5249688B34C0}.Release|x86.ActiveCfg = Release|Win32
		{E87C5D2A-D94E-434D-8326-5249688B34C0}.Release|x86.Build.0 = Release|Win32
		{0DFCC1CF-CD03-4764-AF54-DF97FC59400B}.Debug|x64.ActiveCfg = Debug|x64
		{0DFCC1CF-CD03-4764-AF54-DF97FC59400B}.Debug|x64.Build.0 = Debug|x64
		{0DFCC1CF-CD03-4764-AF54-DF97FC59400B}.Debug|x86.ActiveCfg = Debug|Win32
		{0DFCC1CF-CD03-4764-AF54-DF97FC59400B}.Debug|x86.Build.0 = Debug|Win32
		{0DFCC1CF-CD03-4764-AF54-DF97FC59400B}.Release|x64.ActiveCfg = Release|x64
		{0DFCC1CF-CD03-4764-AF54-DF97FC59400B}.Release|x64.Build.0 = Release|x64
		{0DFCC1CF-CD03-4764-AF54-DF97FC59400B}.Release|x86.ActiveCfg = Release|Win32
		{0DFCC1CF-CD03-4764-AF54-DF97FC59400B}.Release|x86.Build.0 = Release|Win32
		{4A79AC13-64F9-4383-905F-239AFB89D2DA}.Debug|x64.ActiveCfg = Debug|x64
		{4A79AC13-64F9-4383-905F-239AFB89D2DA}.Debug|x64.Build.0 = Debug|x64
		{4A79AC13-64F9-4383-905F-239AFB89D2DA}.Debug|x86.ActiveCfg = Debug|Win32
		{4A79AC13-64F9-4383-905F-239AFB89D2DA}.Debug|x86.Build.0 = Debug|Win32
		{4A79AC13-64F9-4383-905F-239AFB89D2DA}.Release|x64.ActiveCfg = Release|x64
		{4A79AC13-64F9-4383-905F-239AFB89D2DA}.Release|x64.Build.0 = Release|x64
		{4A79AC13-64F9-4383-905F-239AFB89D2DA}.Release|x86.ActiveCfg = Release|Win32
		{4A79AC13-64F9-4383-905F-239AFB89D2DA}.Release|x86.Build.0 = Release|Win32
	EndGlobalSection
	GlobalSection(SolutionProperties) = preSolution
		HideSolutionNode = FALSE
	EndGlobalSection
	GlobalSection(ExtensibilityGlobals) = postSolution
		SolutionGuid = {3877B8DB-DC07-4DFA-A857-A5ACDF2DC6EE}
	EndGlobalSection
EndGlobal
